// !$*UTF8*$!
{
	archiveVersion = 1;
	classes = {
	};
	objectVersion = 46;
	objects = {

/* Begin PBXBuildFile section */
		4369F05C1E1B65B6003FACCB /* AppDelegate.swift in Sources */ = {isa = PBXBuildFile; fileRef = 4369F05B1E1B65B6003FACCB /* AppDelegate.swift */; };
		4369F05E1E1B65B6003FACCB /* ViewController.swift in Sources */ = {isa = PBXBuildFile; fileRef = 4369F05D1E1B65B6003FACCB /* ViewController.swift */; };
		4369F0611E1B65B6003FACCB /* Main.storyboard in Resources */ = {isa = PBXBuildFile; fileRef = 4369F05F1E1B65B6003FACCB /* Main.storyboard */; };
		4369F0641E1B65B6003FACCB /* Hangman.xcdatamodeld in Sources */ = {isa = PBXBuildFile; fileRef = 4369F0621E1B65B6003FACCB /* Hangman.xcdatamodeld */; };
		4369F0661E1B65B6003FACCB /* Assets.xcassets in Resources */ = {isa = PBXBuildFile; fileRef = 4369F0651E1B65B6003FACCB /* Assets.xcassets */; };
		4369F0691E1B65B6003FACCB /* LaunchScreen.storyboard in Resources */ = {isa = PBXBuildFile; fileRef = 4369F0671E1B65B6003FACCB /* LaunchScreen.storyboard */; };
/* End PBXBuildFile section */

/* Begin PBXFileReference section */
		4369F0581E1B65B6003FACCB /* Hangman.app */ = {isa = PBXFileReference; explicitFileType = wrapper.application; includeInIndex = 0; path = Hangman.app; sourceTree = BUILT_PRODUCTS_DIR; };
		4369F05B1E1B65B6003FACCB /* AppDelegate.swift */ = {isa = PBXFileReference; lastKnownFileType = sourcecode.swift; path = AppDelegate.swift; sourceTree = "<group>"; };
		4369F05D1E1B65B6003FACCB /* ViewController.swift */ = {isa = PBXFileReference; lastKnownFileType = sourcecode.swift; path = ViewController.swift; sourceTree = "<group>"; };
		4369F0601E1B65B6003FACCB /* Base */ = {isa = PBXFileReference; lastKnownFileType = file.storyboard; name = Base; path = Base.lproj/Main.storyboard; sourceTree = "<group>"; };
		4369F0631E1B65B6003FACCB /* Hangman.xcdatamodel */ = {isa = PBXFileReference; lastKnownFileType = wrapper.xcdatamodel; path = Hangman.xcdatamodel; sourceTree = "<group>"; };
		4369F0651E1B65B6003FACCB /* Assets.xcassets */ = {isa = PBXFileReference; lastKnownFileType = folder.assetcatalog; path = Assets.xcassets; sourceTree = "<group>"; };
		4369F0681E1B65B6003FACCB /* Base */ = {isa = PBXFileReference; lastKnownFileType = file.storyboard; name = Base; path = Base.lproj/LaunchScreen.storyboard; sourceTree = "<group>"; };
		4369F06A1E1B65B6003FACCB /* Info.plist */ = {isa = PBXFileReference; lastKnownFileType = text.plist.xml; path = Info.plist; sourceTree = "<group>"; };
/* End PBXFileReference section */

/* Begin PBXFrameworksBuildPhase section */
		4369F0551E1B65B6003FACCB /* Frameworks */ = {
			isa = PBXFrameworksBuildPhase;
			buildActionMask = 2147483647;
			files = (
			);
			runOnlyForDeploymentPostprocessing = 0;
		};
/* End PBXFrameworksBuildPhase section */

/* Begin PBXGroup section */
		4369F04F1E1B65B6003FACCB = {
			isa = PBXGroup;
			children = (
				4369F05A1E1B65B6003FACCB /* Hangman */,
				4369F0591E1B65B6003FACCB /* Products */,
			);
			sourceTree = "<group>";
		};
		4369F0591E1B65B6003FACCB /* Products */ = {
			isa = PBXGroup;
			children = (
				4369F0581E1B65B6003FACCB /* Hangman.app */,
			);
			name = Products;
			sourceTree = "<group>";
		};
		4369F05A1E1B65B6003FACCB /* Hangman */ = {
			isa = PBXGroup;
			children = (
				4369F05B1E1B65B6003FACCB /* AppDelegate.swift */,
				4369F05D1E1B65B6003FACCB /* ViewController.swift */,
				4369F05F1E1B65B6003FACCB /* Main.storyboard */,
				4369F0651E1B65B6003FACCB /* Assets.xcassets */,
				4369F0671E1B65B6003FACCB /* LaunchScreen.storyboard */,
				4369F06A1E1B65B6003FACCB /* Info.plist */,
				4369F0621E1B65B6003FACCB /* Hangman.xcdatamodeld */,
			);
			path = Hangman;
			sourceTree = "<group>";
		};
/* End PBXGroup section */

/* Begin PBXNativeTarget section */
		4369F0571E1B65B6003FACCB /* Hangman */ = {
			isa = PBXNativeTarget;
			buildConfigurationList = 4369F06D1E1B65B6003FACCB /* Build configuration list for PBXNativeTarget "Hangman" */;
			buildPhases = (
				4369F0541E1B65B6003FACCB /* Sources */,
				4369F0551E1B65B6003FACCB /* Frameworks */,
				4369F0561E1B65B6003FACCB /* Resources */,
			);
			buildRules = (
			);
			dependencies = (
			);
			name = Hangman;
			productName = Hangman;
			productReference = 4369F0581E1B65B6003FACCB /* Hangman.app */;
			productType = "com.apple.product-type.application";
		};
/* End PBXNativeTarget section */

/* Begin PBXProject section */
		4369F0501E1B65B6003FACCB /* Project object */ = {
			isa = PBXProject;
			attributes = {
				LastSwiftUpdateCheck = 0820;
				LastUpgradeCheck = 0820;
				ORGANIZATIONNAME = "Nate Thompson";
				TargetAttributes = {
					4369F0571E1B65B6003FACCB = {
						CreatedOnToolsVersion = 8.2.1;
						DevelopmentTeam = YT2C78F725;
						ProvisioningStyle = Automatic;
					};
				};
			};
			buildConfigurationList = 4369F0531E1B65B6003FACCB /* Build configuration list for PBXProject "Hangman" */;
			compatibilityVersion = "Xcode 3.2";
			developmentRegion = English;
			hasScannedForEncodings = 0;
			knownRegions = (
				en,
				Base,
			);
			mainGroup = 4369F04F1E1B65B6003FACCB;
			productRefGroup = 4369F0591E1B65B6003FACCB /* Products */;
			projectDirPath = "";
			projectRoot = "";
			targets = (
				4369F0571E1B65B6003FACCB /* Hangman */,
			);
		};
/* End PBXProject section */

/* Begin PBXResourcesBuildPhase section */
		4369F0561E1B65B6003FACCB /* Resources */ = {
			isa = PBXResourcesBuildPhase;
			buildActionMask = 2147483647;
			files = (
				4369F0691E1B65B6003FACCB /* LaunchScreen.storyboard in Resources */,
				4369F0661E1B65B6003FACCB /* Assets.xcassets in Resources */,
				4369F0611E1B65B6003FACCB /* Main.storyboard in Resources */,
			);
			runOnlyForDeploymentPostprocessing = 0;
		};
/* End PBXResourcesBuildPhase section */

/* Begin PBXSourcesBuildPhase section */
		4369F0541E1B65B6003FACCB /* Sources */ = {
			isa = PBXSourcesBuildPhase;
			buildActionMask = 2147483647;
			files = (
				4369F05E1E1B65B6003FACCB /* ViewController.swift in Sources */,
				4369F05C1E1B65B6003FACCB /* AppDelegate.swift in Sources */,
				4369F0641E1B65B6003FACCB /* Hangman.xcdatamodeld in Sources */,
			);
			runOnlyForDeploymentPostprocessing = 0;
		};
/* End PBXSourcesBuildPhase section */

/* Begin PBXVariantGroup section */
		4369F05F1E1B65B6003FACCB /* Main.storyboard */ = {
			isa = PBXVariantGroup;
			children = (
				4369F0601E1B65B6003FACCB /* Base */,
			);
			name = Main.storyboard;
			sourceTree = "<group>";
		};
		4369F0671E1B65B6003FACCB /* LaunchScreen.storyboard */ = {
			isa = PBXVariantGroup;
			children = (
				4369F0681E1B65B6003FACCB /* Base */,
			);
			name = LaunchScreen.storyboard;
			sourceTree = "<group>";
		};
/* End PBXVariantGroup section */

/* Begin XCBuildConfiguration section */
		4369F06B1E1B65B6003FACCB /* Debug */ = {
			isa = XCBuildConfiguration;
			buildSettings = {
				ALWAYS_SEARCH_USER_PATHS = NO;
				CLANG_ANALYZER_NONNULL = YES;
				CLANG_CXX_LANGUAGE_STANDARD = "gnu++0x";
				CLANG_CXX_LIBRARY = "libc++";
				CLANG_ENABLE_MODULES = YES;
				CLANG_ENABLE_OBJC_ARC = YES;
				CLANG_WARN_BOOL_CONVERSION = YES;
				CLANG_WARN_CONSTANT_CONVERSION = YES;
				CLANG_WARN_DIRECT_OBJC_ISA_USAGE = YES_ERROR;
				CLANG_WARN_DOCUMENTATION_COMMENTS = YES;
				CLANG_WARN_EMPTY_BODY = YES;
				CLANG_WARN_ENUM_CONVERSION = YES;
				CLANG_WARN_INFINITE_RECURSION = YES;
				CLANG_WARN_INT_CONVERSION = YES;
				CLANG_WARN_OBJC_ROOT_CLASS = YES_ERROR;
				CLANG_WARN_SUSPICIOUS_MOVE = YES;
				CLANG_WARN_UNREACHABLE_CODE = YES;
				CLANG_WARN__DUPLICATE_METHOD_MATCH = YES;
				"CODE_SIGN_IDENTITY[sdk=iphoneos*]" = "iPhone Developer";
				COPY_PHASE_STRIP = NO;
				DEBUG_INFORMATION_FORMAT = dwarf;
				ENABLE_STRICT_OBJC_MSGSEND = YES;
				ENABLE_TESTABILITY = YES;
				GCC_C_LANGUAGE_STANDARD = gnu99;
				GCC_DYNAMIC_NO_PIC = NO;
				GCC_NO_COMMON_BLOCKS = YES;
				GCC_OPTIMIZATION_LEVEL = 0;
				GCC_PREPROCESSOR_DEFINITIONS = (
					"DEBUG=1",
					"$(inherited)",
				);
				GCC_WARN_64_TO_32_BIT_CONVERSION = YES;
				GCC_WARN_ABOUT_RETURN_TYPE = YES_ERROR;
				GCC_WARN_UNDECLARED_SELECTOR = YES;
				GCC_WARN_UNINITIALIZED_AUTOS = YES_AGGRESSIVE;
				GCC_WARN_UNUSED_FUNCTION = YES;
				GCC_WARN_UNUSED_VARIABLE = YES;
				IPHONEOS_DEPLOYMENT_TARGET = 10.2;
				MTL_ENABLE_DEBUG_INFO = YES;
				ONLY_ACTIVE_ARCH = YES;
				SDKROOT = iphoneos;
				SWIFT_ACTIVE_COMPILATION_CONDITIONS = DEBUG;
				SWIFT_OPTIMIZATION_LEVEL = "-Onone";
				TARGETED_DEVICE_FAMILY = "1,2";
			};
			name = Debug;
		};
		4369F06C1E1B65B6003FACCB /* Release */ = {
			isa = XCBuildConfiguration;
			buildSettings = {
				ALWAYS_SEARCH_USER_PATHS = NO;
				CLANG_ANALYZER_NONNULL = YES;
				CLANG_CXX_LANGUAGE_STANDARD = "gnu++0x";
				CLANG_CXX_LIBRARY = "libc++";
				CLANG_ENABLE_MODULES = YES;
				CLANG_ENABLE_OBJC_ARC = YES;
				CLANG_WARN_BOOL_CONVERSION = YES;
				CLANG_WARN_CONSTANT_CONVERSION = YES;
				CLANG_WARN_DIRECT_OBJC_ISA_USAGE = YES_ERROR;
				CLANG_WARN_DOCUMENTATION_COMMENTS = YES;
				CLANG_WARN_EMPTY_BODY = YES;
				CLANG_WARN_ENUM_CONVERSION = YES;
				CLANG_WARN_INFINITE_RECURSION = YES;
				CLANG_WARN_INT_CONVERSION = YES;
				CLANG_WARN_OBJC_ROOT_CLASS = YES_ERROR;
				CLANG_WARN_SUSPICIOUS_MOVE = YES;
				CLANG_WARN_UNREACHABLE_CODE = YES;
				CLANG_WARN__DUPLICATE_METHOD_MATCH = YES;
				"CODE_SIGN_IDENTITY[sdk=iphoneos*]" = "iPhone Developer";
				COPY_PHASE_STRIP = NO;
				DEBUG_INFORMATION_FORMAT = "dwarf-with-dsym";
				ENABLE_NS_ASSERTIONS = NO;
				ENABLE_STRICT_OBJC_MSGSEND = YES;
				GCC_C_LANGUAGE_STANDARD = gnu99;
				GCC_NO_COMMON_BLOCKS = YES;
				GCC_WARN_64_TO_32_BIT_CONVERSION = YES;
				GCC_WARN_ABOUT_RETURN_TYPE = YES_ERROR;
				GCC_WARN_UNDECLARED_SELECTOR = YES;
				GCC_WARN_UNINITIALIZED_AUTOS = YES_AGGRESSIVE;
				GCC_WARN_UNUSED_FUNCTION = YES;
				GCC_WARN_UNUSED_VARIABLE = YES;
				IPHONEOS_DEPLOYMENT_TARGET = 10.2;
				MTL_ENABLE_DEBUG_INFO = NO;
				SDKROOT = iphoneos;
				SWIFT_OPTIMIZATION_LEVEL = "-Owholemodule";
				TARGETED_DEVICE_FAMILY = "1,2";
				VALIDATE_PRODUCT = YES;
			};
			name = Release;
		};
		4369F06E1E1B65B6003FACCB /* Debug */ = {
			isa = XCBuildConfiguration;
			buildSettings = {
				ASSETCATALOG_COMPILER_APPICON_NAME = AppIcon;
				DEVELOPMENT_TEAM = YT2C78F725;
				INFOPLIST_FILE = Hangman/Info.plist;
				LD_RUNPATH_SEARCH_PATHS = "$(inherited) @executable_path/Frameworks";
				PRODUCT_BUNDLE_IDENTIFIER = io.natethompson.Hangman;
				PRODUCT_NAME = "$(TARGET_NAME)";
				SWIFT_VERSION = 3.0;
			};
			name = Debug;
		};
		4369F06F1E1B65B6003FACCB /* Release */ = {
			isa = XCBuildConfiguration;
			buildSettings = {
				ASSETCATALOG_COMPILER_APPICON_NAME = AppIcon;
				DEVELOPMENT_TEAM = YT2C78F725;
				INFOPLIST_FILE = Hangman/Info.plist;
				LD_RUNPATH_SEARCH_PATHS = "$(inherited) @executable_path/Frameworks";
				PRODUCT_BUNDLE_IDENTIFIER = io.natethompson.Hangman;
				PRODUCT_NAME = "$(TARGET_NAME)";
				SWIFT_VERSION = 3.0;
			};
			name = Release;
		};
/* End XCBuildConfiguration section */

/* Begin XCConfigurationList section */
		4369F0531E1B65B6003FACCB /* Build configuration list for PBXProject "Hangman" */ = {
			isa = XCConfigurationList;
			buildConfigurations = (
				4369F06B1E1B65B6003FACCB /* Debug */,
				4369F06C1E1B65B6003FACCB /* Release */,
			);
			defaultConfigurationIsVisible = 0;
			defaultConfigurationName = Release;
		};
		4369F06D1E1B65B6003FACCB /* Build configuration list for PBXNativeTarget "Hangman" */ = {
			isa = XCConfigurationList;
			buildConfigurations = (
				4369F06E1E1B65B6003FACCB /* Debug */,
				4369F06F1E1B65B6003FACCB /* Release */,
			);
			defaultConfigurationIsVisible = 0;
		};
/* End XCConfigurationList section */

/* Begin XCVersionGroup section */
		4369F0621E1B65B6003FACCB /* Hangman.xcdatamodeld */ = {
			isa = XCVersionGroup;
			children = (
				4369F0631E1B65B6003FACCB /* Hangman.xcdatamodel */,
			);
			currentVersion = 4369F0631E1B65B6003FACCB /* Hangman.xcdatamodel */;
			path = Hangman.xcdatamodeld;
			sourceTree = "<group>";
			versionGroupType = wrapper.xcdatamodel;
		};
/* End XCVersionGroup section */
	};
	rootObject = 4369F0501E1B65B6003FACCB /* Project object */;
}
